// !$*UTF8*$!
{
	archiveVersion = 1;
	classes = {
	};
	objectVersion = 50;
	objects = {

/* Begin PBXBuildFile section */
		4D3FF7BD3CABD14387132507 /* libPods-TumblrFeed.a in Frameworks */ = {isa = PBXBuildFile; fileRef = AEC1BBDE005F64E8B2752CF6 /* libPods-TumblrFeed.a */; };
		C01A643120E427BC000A705F /* AppDelegate.m in Sources */ = {isa = PBXBuildFile; fileRef = C01A643020E427BC000A705F /* AppDelegate.m */; };
		C01A643720E427BC000A705F /* Main.storyboard in Resources */ = {isa = PBXBuildFile; fileRef = C01A643520E427BC000A705F /* Main.storyboard */; };
		C01A643920E427BC000A705F /* Assets.xcassets in Resources */ = {isa = PBXBuildFile; fileRef = C01A643820E427BC000A705F /* Assets.xcassets */; };
		C01A643C20E427BC000A705F /* LaunchScreen.storyboard in Resources */ = {isa = PBXBuildFile; fileRef = C01A643A20E427BC000A705F /* LaunchScreen.storyboard */; };
		C01A643F20E427BC000A705F /* main.m in Sources */ = {isa = PBXBuildFile; fileRef = C01A643E20E427BC000A705F /* main.m */; };
		C01A644720E429A6000A705F /* PhotosViewController.m in Sources */ = {isa = PBXBuildFile; fileRef = C01A644620E429A6000A705F /* PhotosViewController.m */; };
		C0F03EBF20E4355C0052F7E2 /* PhotoCell.m in Sources */ = {isa = PBXBuildFile; fileRef = C0F03EBE20E4355C0052F7E2 /* PhotoCell.m */; };
/* End PBXBuildFile section */

/* Begin PBXFileReference section */
		AEC1BBDE005F64E8B2752CF6 /* libPods-TumblrFeed.a */ = {isa = PBXFileReference; explicitFileType = archive.ar; includeInIndex = 0; path = "libPods-TumblrFeed.a"; sourceTree = BUILT_PRODUCTS_DIR; };
		C01A642C20E427BC000A705F /* TumblrFeed.app */ = {isa = PBXFileReference; explicitFileType = wrapper.application; includeInIndex = 0; path = TumblrFeed.app; sourceTree = BUILT_PRODUCTS_DIR; };
		C01A642F20E427BC000A705F /* AppDelegate.h */ = {isa = PBXFileReference; lastKnownFileType = sourcecode.c.h; path = AppDelegate.h; sourceTree = "<group>"; };
		C01A643020E427BC000A705F /* AppDelegate.m */ = {isa = PBXFileReference; lastKnownFileType = sourcecode.c.objc; path = AppDelegate.m; sourceTree = "<group>"; };
		C01A643620E427BC000A705F /* Base */ = {isa = PBXFileReference; lastKnownFileType = file.storyboard; name = Base; path = Base.lproj/Main.storyboard; sourceTree = "<group>"; };
		C01A643820E427BC000A705F /* Assets.xcassets */ = {isa = PBXFileReference; lastKnownFileType = folder.assetcatalog; path = Assets.xcassets; sourceTree = "<group>"; };
		C01A643B20E427BC000A705F /* Base */ = {isa = PBXFileReference; lastKnownFileType = file.storyboard; name = Base; path = Base.lproj/LaunchScreen.storyboard; sourceTree = "<group>"; };
		C01A643D20E427BC000A705F /* Info.plist */ = {isa = PBXFileReference; lastKnownFileType = text.plist.xml; path = Info.plist; sourceTree = "<group>"; };
		C01A643E20E427BC000A705F /* main.m */ = {isa = PBXFileReference; lastKnownFileType = sourcecode.c.objc; path = main.m; sourceTree = "<group>"; };
		C01A644520E429A6000A705F /* PhotosViewController.h */ = {isa = PBXFileReference; lastKnownFileType = sourcecode.c.h; path = PhotosViewController.h; sourceTree = "<group>"; };
		C01A644620E429A6000A705F /* PhotosViewController.m */ = {isa = PBXFileReference; lastKnownFileType = sourcecode.c.objc; path = PhotosViewController.m; sourceTree = "<group>"; };
		C0F03EBD20E4355C0052F7E2 /* PhotoCell.h */ = {isa = PBXFileReference; lastKnownFileType = sourcecode.c.h; path = PhotoCell.h; sourceTree = "<group>"; };
		C0F03EBE20E4355C0052F7E2 /* PhotoCell.m */ = {isa = PBXFileReference; lastKnownFileType = sourcecode.c.objc; path = PhotoCell.m; sourceTree = "<group>"; };
		C6CCFEFAB31874555B0E1D56 /* Pods-TumblrFeed.debug.xcconfig */ = {isa = PBXFileReference; includeInIndex = 1; lastKnownFileType = text.xcconfig; name = "Pods-TumblrFeed.debug.xcconfig"; path = "Pods/Target Support Files/Pods-TumblrFeed/Pods-TumblrFeed.debug.xcconfig"; sourceTree = "<group>"; };
		E4DA8EF33BFF809B1B697102 /* Pods-TumblrFeed.release.xcconfig */ = {isa = PBXFileReference; includeInIndex = 1; lastKnownFileType = text.xcconfig; name = "Pods-TumblrFeed.release.xcconfig"; path = "Pods/Target Support Files/Pods-TumblrFeed/Pods-TumblrFeed.release.xcconfig"; sourceTree = "<group>"; };
/* End PBXFileReference section */

/* Begin PBXFrameworksBuildPhase section */
		C01A642920E427BC000A705F /* Frameworks */ = {
			isa = PBXFrameworksBuildPhase;
			buildActionMask = 2147483647;
			files = (
				4D3FF7BD3CABD14387132507 /* libPods-TumblrFeed.a in Frameworks */,
			);
			runOnlyForDeploymentPostprocessing = 0;
		};
/* End PBXFrameworksBuildPhase section */

/* Begin PBXGroup section */
		37CC46012C9BE39CDB0F82C4 /* Pods */ = {
			isa = PBXGroup;
			children = (
				C6CCFEFAB31874555B0E1D56 /* Pods-TumblrFeed.debug.xcconfig */,
				E4DA8EF33BFF809B1B697102 /* Pods-TumblrFeed.release.xcconfig */,
			);
			name = Pods;
			sourceTree = "<group>";
		};
		60D22B20B1FCE870285095E8 /* Frameworks */ = {
			isa = PBXGroup;
			children = (
				AEC1BBDE005F64E8B2752CF6 /* libPods-TumblrFeed.a */,
			);
			name = Frameworks;
			sourceTree = "<group>";
		};
		C01A642320E427BB000A705F = {
			isa = PBXGroup;
			children = (
				C01A642E20E427BC000A705F /* TumblrFeed */,
				C01A642D20E427BC000A705F /* Products */,
				37CC46012C9BE39CDB0F82C4 /* Pods */,
				60D22B20B1FCE870285095E8 /* Frameworks */,
			);
			sourceTree = "<group>";
		};
		C01A642D20E427BC000A705F /* Products */ = {
			isa = PBXGroup;
			children = (
				C01A642C20E427BC000A705F /* TumblrFeed.app */,
			);
			name = Products;
			sourceTree = "<group>";
		};
		C01A642E20E427BC000A705F /* TumblrFeed */ = {
			isa = PBXGroup;
			children = (
				C01A642F20E427BC000A705F /* AppDelegate.h */,
				C01A643020E427BC000A705F /* AppDelegate.m */,
				C01A643520E427BC000A705F /* Main.storyboard */,
				C01A644520E429A6000A705F /* PhotosViewController.h */,
				C01A644620E429A6000A705F /* PhotosViewController.m */,
				C01A643820E427BC000A705F /* Assets.xcassets */,
				C01A643A20E427BC000A705F /* LaunchScreen.storyboard */,
				C01A643D20E427BC000A705F /* Info.plist */,
				C01A643E20E427BC000A705F /* main.m */,
				C0F03EBD20E4355C0052F7E2 /* PhotoCell.h */,
				C0F03EBE20E4355C0052F7E2 /* PhotoCell.m */,
			);
			path = TumblrFeed;
			sourceTree = "<group>";
		};
/* End PBXGroup section */

/* Begin PBXNativeTarget section */
		C01A642B20E427BC000A705F /* TumblrFeed */ = {
			isa = PBXNativeTarget;
			buildConfigurationList = C01A644220E427BC000A705F /* Build configuration list for PBXNativeTarget "TumblrFeed" */;
			buildPhases = (
				D87E10C2DC6B36F62C01EE48 /* [CP] Check Pods Manifest.lock */,
				C01A642820E427BC000A705F /* Sources */,
				C01A642920E427BC000A705F /* Frameworks */,
				C01A642A20E427BC000A705F /* Resources */,
			);
			buildRules = (
			);
			dependencies = (
			);
			name = TumblrFeed;
			productName = TumblrFeed;
			productReference = C01A642C20E427BC000A705F /* TumblrFeed.app */;
			productType = "com.apple.product-type.application";
		};
/* End PBXNativeTarget section */

/* Begin PBXProject section */
		C01A642420E427BB000A705F /* Project object */ = {
			isa = PBXProject;
			attributes = {
				LastUpgradeCheck = 0940;
				ORGANIZATIONNAME = "Nico Salinas";
				TargetAttributes = {
					C01A642B20E427BC000A705F = {
						CreatedOnToolsVersion = 9.4.1;
					};
				};
			};
			buildConfigurationList = C01A642720E427BB000A705F /* Build configuration list for PBXProject "TumblrFeed" */;
			compatibilityVersion = "Xcode 9.3";
			developmentRegion = en;
			hasScannedForEncodings = 0;
			knownRegions = (
				en,
				Base,
			);
			mainGroup = C01A642320E427BB000A705F;
			productRefGroup = C01A642D20E427BC000A705F /* Products */;
			projectDirPath = "";
			projectRoot = "";
			targets = (
				C01A642B20E427BC000A705F /* TumblrFeed */,
			);
		};
/* End PBXProject section */

/* Begin PBXResourcesBuildPhase section */
		C01A642A20E427BC000A705F /* Resources */ = {
			isa = PBXResourcesBuildPhase;
			buildActionMask = 2147483647;
			files = (
				C01A643C20E427BC000A705F /* LaunchScreen.storyboard in Resources */,
				C01A643920E427BC000A705F /* Assets.xcassets in Resources */,
				C01A643720E427BC000A705F /* Main.storyboard in Resources */,
			);
			runOnlyForDeploymentPostprocessing = 0;
		};
/* End PBXResourcesBuildPhase section */

/* Begin PBXShellScriptBuildPhase section */
		D87E10C2DC6B36F62C01EE48 /* [CP] Check Pods Manifest.lock */ = {
			isa = PBXShellScriptBuildPhase;
			buildActionMask = 2147483647;
			files = (
			);
			inputPaths = (
				"${PODS_PODFILE_DIR_PATH}/Podfile.lock",
				"${PODS_ROOT}/Manifest.lock",
			);
			name = "[CP] Check Pods Manifest.lock";
			outputPaths = (
				"$(DERIVED_FILE_DIR)/Pods-TumblrFeed-checkManifestLockResult.txt",
			);
			runOnlyForDeploymentPostprocessing = 0;
			shellPath = /bin/sh;
			shellScript = "diff \"${PODS_PODFILE_DIR_PATH}/Podfile.lock\" \"${PODS_ROOT}/Manifest.lock\" > /dev/null\nif [ $? != 0 ] ; then\n    # print error to STDERR\n    echo \"error: The sandbox is not in sync with the Podfile.lock. Run 'pod install' or update your CocoaPods installation.\" >&2\n    exit 1\nfi\n# This output is used by Xcode 'outputs' to avoid re-running this script phase.\necho \"SUCCESS\" > \"${SCRIPT_OUTPUT_FILE_0}\"\n";
			showEnvVarsInLog = 0;
		};
/* End PBXShellScriptBuildPhase section */

/* Begin PBXSourcesBuildPhase section */
		C01A642820E427BC000A705F /* Sources */ = {
			isa = PBXSourcesBuildPhase;
			buildActionMask = 2147483647;
			files = (
				C0F03EBF20E4355C0052F7E2 /* PhotoCell.m in Sources */,
				C01A644720E429A6000A705F /* PhotosViewController.m in Sources */,
				C01A643F20E427BC000A705F /* main.m in Sources */,
				C01A643120E427BC000A705F /* AppDelegate.m in Sources */,
			);
			runOnlyForDeploymentPostprocessing = 0;
		};
/* End PBXSourcesBuildPhase section */

/* Begin PBXVariantGroup section */
		C01A643520E427BC000A705F /* Main.storyboard */ = {
			isa = PBXVariantGroup;
			children = (
				C01A643620E427BC000A705F /* Base */,
			);
			name = Main.storyboard;
			sourceTree = "<group>";
		};
		C01A643A20E427BC000A705F /* LaunchScreen.storyboard */ = {
			isa = PBXVariantGroup;
			children = (
				C01A643B20E427BC000A705F /* Base */,
			);
			name = LaunchScreen.storyboard;
			sourceTree = "<group>";
		};
/* End PBXVariantGroup section */

/* Begin XCBuildConfiguration section */
		C01A644020E427BC000A705F /* Debug */ = {
			isa = XCBuildConfiguration;
			buildSettings = {
				ALWAYS_SEARCH_USER_PATHS = NO;
				CLANG_ANALYZER_NONNULL = YES;
				CLANG_ANALYZER_NUMBER_OBJECT_CONVERSION = YES_AGGRESSIVE;
				CLANG_CXX_LANGUAGE_STANDARD = "gnu++14";
				CLANG_CXX_LIBRARY = "libc++";
				CLANG_ENABLE_MODULES = YES;
				CLANG_ENABLE_OBJC_ARC = YES;
				CLANG_ENABLE_OBJC_WEAK = YES;
				CLANG_WARN_BLOCK_CAPTURE_AUTORELEASING = YES;
				CLANG_WARN_BOOL_CONVERSION = YES;
				CLANG_WARN_COMMA = YES;
				CLANG_WARN_CONSTANT_CONVERSION = YES;
				CLANG_WARN_DEPRECATED_OBJC_IMPLEMENTATIONS = YES;
				CLANG_WARN_DIRECT_OBJC_ISA_USAGE = YES_ERROR;
				CLANG_WARN_DOCUMENTATION_COMMENTS = YES;
				CLANG_WARN_EMPTY_BODY = YES;
				CLANG_WARN_ENUM_CONVERSION = YES;
				CLANG_WARN_INFINITE_RECURSION = YES;
				CLANG_WARN_INT_CONVERSION = YES;
				CLANG_WARN_NON_LITERAL_NULL_CONVERSION = YES;
				CLANG_WARN_OBJC_IMPLICIT_RETAIN_SELF = YES;
				CLANG_WARN_OBJC_LITERAL_CONVERSION = YES;
				CLANG_WARN_OBJC_ROOT_CLASS = YES_ERROR;
				CLANG_WARN_RANGE_LOOP_ANALYSIS = YES;
				CLANG_WARN_STRICT_PROTOTYPES = YES;
				CLANG_WARN_SUSPICIOUS_MOVE = YES;
				CLANG_WARN_UNGUARDED_AVAILABILITY = YES_AGGRESSIVE;
				CLANG_WARN_UNREACHABLE_CODE = YES;
				CLANG_WARN__DUPLICATE_METHOD_MATCH = YES;
				CODE_SIGN_IDENTITY = "iPhone Developer";
				COPY_PHASE_STRIP = NO;
				DEBUG_INFORMATION_FORMAT = dwarf;
				ENABLE_STRICT_OBJC_MSGSEND = YES;
				ENABLE_TESTABILITY = YES;
				GCC_C_LANGUAGE_STANDARD = gnu11;
				GCC_DYNAMIC_NO_PIC = NO;
				GCC_NO_COMMON_BLOCKS = YES;
				GCC_OPTIMIZATION_LEVEL = 0;
				GCC_PREPROCESSOR_DEFINITIONS = (
					"DEBUG=1",
					"$(inherited)",
				);
				GCC_WARN_64_TO_32_BIT_CONVERSION = YES;
				GCC_WARN_ABOUT_RETURN_TYPE = YES_ERROR;
				GCC_WARN_UNDECLARED_SELECTOR = YES;
				GCC_WARN_UNINITIALIZED_AUTOS = YES_AGGRESSIVE;
				GCC_WARN_UNUSED_FUNCTION = YES;
				GCC_WARN_UNUSED_VARIABLE = YES;
				IPHONEOS_DEPLOYMENT_TARGET = 11.4;
				MTL_ENABLE_DEBUG_INFO = YES;
				ONLY_ACTIVE_ARCH = YES;
				SDKROOT = iphoneos;
			};
			name = Debug;
		};
		C01A644120E427BC000A705F /* Release */ = {
			isa = XCBuildConfiguration;
			buildSettings = {
				ALWAYS_SEARCH_USER_PATHS = NO;
				CLANG_ANALYZER_NONNULL = YES;
				CLANG_ANALYZER_NUMBER_OBJECT_CONVERSION = YES_AGGRESSIVE;
				CLANG_CXX_LANGUAGE_STANDARD = "gnu++14";
				CLANG_CXX_LIBRARY = "libc++";
				CLANG_ENABLE_MODULES = YES;
				CLANG_ENABLE_OBJC_ARC = YES;
				CLANG_ENABLE_OBJC_WEAK = YES;
				CLANG_WARN_BLOCK_CAPTURE_AUTORELEASING = YES;
				CLANG_WARN_BOOL_CONVERSION = YES;
				CLANG_WARN_COMMA = YES;
				CLANG_WARN_CONSTANT_CONVERSION = YES;
				CLANG_WARN_DEPRECATED_OBJC_IMPLEMENTATIONS = YES;
				CLANG_WARN_DIRECT_OBJC_ISA_USAGE = YES_ERROR;
				CLANG_WARN_DOCUMENTATION_COMMENTS = YES;
				CLANG_WARN_EMPTY_BODY = YES;
				CLANG_WARN_ENUM_CONVERSION = YES;
				CLANG_WARN_INFINITE_RECURSION = YES;
				CLANG_WARN_INT_CONVERSION = YES;
				CLANG_WARN_NON_LITERAL_NULL_CONVERSION = YES;
				CLANG_WARN_OBJC_IMPLICIT_RETAIN_SELF = YES;
				CLANG_WARN_OBJC_LITERAL_CONVERSION = YES;
				CLANG_WARN_OBJC_ROOT_CLASS = YES_ERROR;
				CLANG_WARN_RANGE_LOOP_ANALYSIS = YES;
				CLANG_WARN_STRICT_PROTOTYPES = YES;
				CLANG_WARN_SUSPICIOUS_MOVE = YES;
				CLANG_WARN_UNGUARDED_AVAILABILITY = YES_AGGRESSIVE;
				CLANG_WARN_UNREACHABLE_CODE = YES;
				CLANG_WARN__DUPLICATE_METHOD_MATCH = YES;
				CODE_SIGN_IDENTITY = "iPhone Developer";
				COPY_PHASE_STRIP = NO;
				DEBUG_INFORMATION_FORMAT = "dwarf-with-dsym";
				ENABLE_NS_ASSERTIONS = NO;
				ENABLE_STRICT_OBJC_MSGSEND = YES;
				GCC_C_LANGUAGE_STANDARD = gnu11;
				GCC_NO_COMMON_BLOCKS = YES;
				GCC_WARN_64_TO_32_BIT_CONVERSION = YES;
				GCC_WARN_ABOUT_RETURN_TYPE = YES_ERROR;
				GCC_WARN_UNDECLARED_SELECTOR = YES;
				GCC_WARN_UNINITIALIZED_AUTOS = YES_AGGRESSIVE;
				GCC_WARN_UNUSED_FUNCTION = YES;
				GCC_WARN_UNUSED_VARIABLE = YES;
				IPHONEOS_DEPLOYMENT_TARGET = 11.4;
				MTL_ENABLE_DEBUG_INFO = NO;
				SDKROOT = iphoneos;
				VALIDATE_PRODUCT = YES;
			};
			name = Release;
		};
		C01A644320E427BC000A705F /* Debug */ = {
			isa = XCBuildConfiguration;
			baseConfigurationReference = C6CCFEFAB31874555B0E1D56 /* Pods-TumblrFeed.debug.xcconfig */;
			buildSettings = {
				ASSETCATALOG_COMPILER_APPICON_NAME = AppIcon;
				CODE_SIGN_STYLE = Automatic;
				DEVELOPMENT_TEAM = DFS6245D8K;
				INFOPLIST_FILE = TumblrFeed/Info.plist;
				LD_RUNPATH_SEARCH_PATHS = (
					"$(inherited)",
					"@executable_path/Frameworks",
				);
				PRODUCT_BUNDLE_IDENTIFIER = nsalinas.TumblrFeed;
				PRODUCT_NAME = "$(TARGET_NAME)";
				TARGETED_DEVICE_FAMILY = "1,2";
			};
			name = Debug;
		};
		C01A644420E427BC000A705F /* Release */ = {
			isa = XCBuildConfiguration;
			baseConfigurationReference = E4DA8EF33BFF809B1B697102 /* Pods-TumblrFeed.release.xcconfig */;
			buildSettings = {
				ASSETCATALOG_COMPILER_APPICON_NAME = AppIcon;
				CODE_SIGN_STYLE = Automatic;
				DEVELOPMENT_TEAM = DFS6245D8K;
				INFOPLIST_FILE = TumblrFeed/Info.plist;
				LD_RUNPATH_SEARCH_PATHS = (
					"$(inherited)",
					"@executable_path/Frameworks",
				);
				PRODUCT_BUNDLE_IDENTIFIER = nsalinas.TumblrFeed;
				PRODUCT_NAME = "$(TARGET_NAME)";
				TARGETED_DEVICE_FAMILY = "1,2";
			};
			name = Release;
		};
/* End XCBuildConfiguration section */

/* Begin XCConfigurationList section */
		C01A642720E427BB000A705F /* Build configuration list for PBXProject "TumblrFeed" */ = {
			isa = XCConfigurationList;
			buildConfigurations = (
				C01A644020E427BC000A705F /* Debug */,
				C01A644120E427BC000A705F /* Release */,
			);
			defaultConfigurationIsVisible = 0;
			defaultConfigurationName = Release;
		};
		C01A644220E427BC000A705F /* Build configuration list for PBXNativeTarget "TumblrFeed" */ = {
			isa = XCConfigurationList;
			buildConfigurations = (
				C01A644320E427BC000A705F /* Debug */,
				C01A644420E427BC000A705F /* Release */,
			);
			defaultConfigurationIsVisible = 0;
			defaultConfigurationName = Release;
		};
/* End XCConfigurationList section */
	};
	rootObject = C01A642420E427BB000A705F /* Project object */;
}
